
Microsoft Visual Studio Solution File, Format Version 12.00
# Visual Studio Version 17
VisualStudioVersion = 17.14.36616.10 d17.14
MinimumVisualStudioVersion = 10.0.40219.1
Project("{FAE04EC0-301F-11D3-BF4B-00C04F79EFBC}") = "TestBookletProcessor.Core", "TestBookletProcessor.Core\TestBookletProcessor.Core.csproj", "{401FAD58-8D6A-4EA2-B612-B1AA8CF78A85}"
EndProject
Project("{FAE04EC0-301F-11D3-BF4B-00C04F79EFBC}") = "TestBookletProcessor.Services", "TestBookletProcessor.Services\TestBookletProcessor.Services.csproj", "{5C227A2A-C167-403C-B52E-B09371818613}"
EndProject
Project("{FAE04EC0-301F-11D3-BF4B-00C04F79EFBC}") = "TestBookletProcessor.Console", "TestBookletProcessor.Console\TestBookletProcessor.Console.csproj", "{219E3B7F-8CF8-4C0D-BA4B-F5132B23EFCE}"
EndProject
Global
	GlobalSection(SolutionConfigurationPlatforms) = preSolution
		Debug|Any CPU = Debug|Any CPU
		Release|Any CPU = Release|Any CPU
	EndGlobalSection
	GlobalSection(ProjectConfigurationPlatforms) = postSolution
		{401FAD58-8D6A-4EA2-B612-B1AA8CF78A85}.Debug|Any CPU.ActiveCfg = Debug|Any CPU
		{401FAD58-8D6A-4EA2-B612-B1AA8CF78A85}.Debug|Any CPU.Build.0 = Debug|Any CPU
		{401FAD58-8D6A-4EA2-B612-B1AA8CF78A85}.Release|Any CPU.ActiveCfg = Release|Any CPU
		{401FAD58-8D6A-4EA2-B612-B1AA8CF78A85}.Release|Any CPU.Build.0 = Release|Any CPU
		{5C227A2A-C167-403C-B52E-B09371818613}.Debug|Any CPU.ActiveCfg = Debug|Any CPU
		{5C227A2A-C167-403C-B52E-B09371818613}.Debug|Any CPU.Build.0 = Debug|Any CPU
		{5C227A2A-C167-403C-B52E-B09371818613}.Release|Any CPU.ActiveCfg = Release|Any CPU
		{5C227A2A-C167-403C-B52E-B09371818613}.Release|Any CPU.Build.0 = Release|Any CPU
		{219E3B7F-8CF8-4C0D-BA4B-F5132B23EFCE}.Debug|Any CPU.ActiveCfg = Debug|Any CPU
		{219E3B7F-8CF8-4C0D-BA4B-F5132B23EFCE}.Debug|Any CPU.Build.0 = Debug|Any CPU
		{219E3B7F-8CF8-4C0D-BA4B-F5132B23EFCE}.Release|Any CPU.ActiveCfg = Release|Any CPU
		{219E3B7F-8CF8-4C0D-BA4B-F5132B23EFCE}.Release|Any CPU.Build.0 = Release|Any CPU
	EndGlobalSection
	GlobalSection(SolutionProperties) = preSolution
		HideSolutionNode = FALSE
	EndGlobalSection
	GlobalSection(ExtensibilityGlobals) = postSolution
		SolutionGuid = {753E9392-69B1-4138-853C-F7F3F3C81B75}
	EndGlobalSection
EndGlobal
